
Microsoft Visual Studio Solution File, Format Version 12.00
# Visual Studio Version 16
VisualStudioVersion = 16.0.30611.23
MinimumVisualStudioVersion = 10.0.40219.1
Project("{FAE04EC0-301F-11D3-BF4B-00C04F79EFBC}") = "WindowsFormsApp4", "WindowsFormsApp4\WindowsFormsApp4.csproj", "{C667A1BE-B16C-4856-85D8-C89C8A9835CE}"
EndProject
Global
	GlobalSection(SolutionConfigurationPlatforms) = preSolution
		Debug|Any CPU = Debug|Any CPU
		Release|Any CPU = Release|Any CPU
	EndGlobalSection
	GlobalSection(ProjectConfigurationPlatforms) = postSolution
		{C667A1BE-B16C-4856-85D8-C89C8A9835CE}.Debug|Any CPU.ActiveCfg = Debug|Any CPU
		{C667A1BE-B16C-4856-85D8-C89C8A9835CE}.Debug|Any CPU.Build.0 = Debug|Any CPU
		{C667A1BE-B16C-4856-85D8-C89C8A9835CE}.Release|Any CPU.ActiveCfg = Release|Any CPU
		{C667A1BE-B16C-4856-85D8-C89C8A9835CE}.Release|Any CPU.Build.0 = Release|Any CPU
	EndGlobalSection
	GlobalSection(SolutionProperties) = preSolution
		HideSolutionNode = FALSE
	EndGlobalSection
	GlobalSection(ExtensibilityGlobals) = postSolution
		SolutionGuid = {8F805A87-07F2-4B76-88AD-A0D030099116}
	EndGlobalSection
EndGlobal
